{
  "name": "skysmack-packages-persons",
  "version": "1.0.0",
  "lockfileVersion": 1,
  "requires": true,
  "dependencies": {
    "skysmack-framework": {
      "version": "file:../skysmack-framework",
      "requires": {
        "guid-typescript": "1.0.7",
        "rxjs": "^6.3.3"
      },
      "dependencies": {
        "guid-typescript": {
          "version": "1.0.7",
          "bundled": true
        },
        "rxjs": {
          "version": "6.3.3",
          "bundled": true,
          "requires": {
            "tslib": "^1.9.0"
          },
          "dependencies": {
            "tslib": {
              "version": "1.9.3",
              "bundled": true
            }
          }
        },
        "tslib": {
          "version": "1.9.3",
          "bundled": true
        },
        "typescript": {
          "version": "3.1.3",
          "bundled": true
        }
      }
    },
    "skysmack-redux": {
      "version": "file:../skysmack-redux",
      "requires": {
        "redux": "^4.0.1",
        "redux-observable": "^1.0.0",
        "rxjs": "^6.3.3",
        "skysmack-framework": "file:../skysmack-framework"
      },
      "dependencies": {
        "js-tokens": {
          "version": "4.0.0",
          "bundled": true
        },
        "loose-envify": {
          "version": "1.4.0",
          "bundled": true,
          "requires": {
            "js-tokens": "^3.0.0 || ^4.0.0"
          }
        },
        "redux": {
          "version": "4.0.1",
          "bundled": true,
          "requires": {
            "loose-envify": "^1.4.0",
            "symbol-observable": "^1.2.0"
          }
        },
        "redux-observable": {
          "version": "1.0.0",
          "bundled": true
        },
        "rxjs": {
          "version": "6.3.3",
          "bundled": true,
          "requires": {
            "tslib": "^1.9.0"
          }
        },
        "skysmack-framework": {
          "version": "file:../skysmack-framework",
          "bundled": true,
          "requires": {
            "guid-typescript": "1.0.7",
            "rxjs": "^6.3.3"
          },
          "dependencies": {
            "guid-typescript": {
              "version": "1.0.7",
              "bundled": true
            },
            "rxjs": {
              "version": "6.3.3",
              "bundled": true,
              "requires": {
                "tslib": "^1.9.0"
              },
              "dependencies": {}
            },
            "tslib": {
              "version": "1.9.3",
              "bundled": true
            },
            "typescript": {
              "version": "3.1.3",
              "bundled": true
            }
          }
        },
        "symbol-observable": {
          "version": "1.2.0",
          "bundled": true
        },
        "tslib": {
          "version": "1.9.3",
          "bundled": true
        },
        "typescript": {
          "version": "3.1.3",
          "bundled": true
        }
      }
    },
    "typescript": {
      "version": "3.1.3",
      "resolved": "https://registry.npmjs.org/typescript/-/typescript-3.1.3.tgz",
      "integrity": "sha512-+81MUSyX+BaSo+u2RbozuQk/UWx6hfG0a5gHu4ANEM4sU96XbuIyAB+rWBW1u70c6a5QuZfuYICn3s2UjuHUpA==",
      "dev": true
    }
  }
}
